
Microsoft Visual Studio Solution File, Format Version 12.00
# Visual Studio 14
VisualStudioVersion = 14.0.25420.1
MinimumVisualStudioVersion = 10.0.40219.1
Project("{8BC9CEB8-8B4A-11D0-8D11-00A0C91BC942}") = "CreateRemoteThread", "CreateRemoteThread\CreateRemoteThread.vcxproj", "{2ED87396-6FEE-41B6-A314-30FB451FF10D}"
EndProject
Project("{8BC9CEB8-8B4A-11D0-8D11-00A0C91BC942}") = "NtCreateThreadEx", "NtCreateThreadEx\NtCreateThreadEx.vcxproj", "{CC70629C-7163-44CE-A5AB-0F2179042CFF}"
EndProject
Project("{8BC9CEB8-8B4A-11D0-8D11-00A0C91BC942}") = "RtlCreateUserThread", "RtlCreateUserThread\RtlCreateUserThread.vcxproj", "{27592869-076B-4DFE-90C2-D98A9021B6A2}"
EndProject
Project("{8BC9CEB8-8B4A-11D0-8D11-00A0C91BC942}") = "SetThreadContext", "SetThreadContext\SetThreadContext.vcxproj", "{B84B4B4B-F4A6-4644-80C0-B14559323278}"
EndProject
Project("{8BC9CEB8-8B4A-11D0-8D11-00A0C91BC942}") = "QueueUserApc", "QueueUserApc\QueueUserApc.vcxproj", "{90F866C6-2989-4C0C-8F96-55A2082AD136}"
EndProject
Project("{8BC9CEB8-8B4A-11D0-8D11-00A0C91BC942}") = "NormalDll", "NormalDll\NormalDll.vcxproj", "{E2DE7ADE-1B9D-482F-8E9D-1F5A1629DE7E}"
EndProject
Project("{8BC9CEB8-8B4A-11D0-8D11-00A0C91BC942}") = "Registry", "Registry\Registry.vcxproj", "{FE6E76FA-26D4-4011-8301-EDE68862A9F5}"
EndProject
Project("{8BC9CEB8-8B4A-11D0-8D11-00A0C91BC942}") = "SetWindowsHookEx", "SetWindowsHookEx\SetWindowsHookEx.vcxproj", "{84C28D08-0E1B-4EEA-99AA-F006AC22B08D}"
EndProject
Project("{8BC9CEB8-8B4A-11D0-8D11-00A0C91BC942}") = "WindowHookDll", "WindowHookDll\WindowHookDll.vcxproj", "{5A241D7B-757E-4A4D-BDF6-1C911C6FE4C4}"
EndProject
Project("{8BC9CEB8-8B4A-11D0-8D11-00A0C91BC942}") = "InjectDllByOEP", "InjectDllByOEP\InjectDllByOEP.vcxproj", "{FC5040D7-20F2-45BE-B8B1-771277A1F336}"
EndProject
Project("{8BC9CEB8-8B4A-11D0-8D11-00A0C91BC942}") = "LoadRemoteDll", "LoadRemoteDll\LoadRemoteDll.vcxproj", "{0059CB77-2BC3-4391-90F7-F68603969765}"
EndProject
Global
	GlobalSection(SolutionConfigurationPlatforms) = preSolution
		Debug|x64 = Debug|x64
		Debug|x86 = Debug|x86
		Release|x64 = Release|x64
		Release|x86 = Release|x86
	EndGlobalSection
	GlobalSection(ProjectConfigurationPlatforms) = postSolution
		{2ED87396-6FEE-41B6-A314-30FB451FF10D}.Debug|x64.ActiveCfg = Debug|x64
		{2ED87396-6FEE-41B6-A314-30FB451FF10D}.Debug|x64.Build.0 = Debug|x64
		{2ED87396-6FEE-41B6-A314-30FB451FF10D}.Debug|x86.ActiveCfg = Debug|Win32
		{2ED87396-6FEE-41B6-A314-30FB451FF10D}.Debug|x86.Build.0 = Debug|Win32
		{2ED87396-6FEE-41B6-A314-30FB451FF10D}.Release|x64.ActiveCfg = Release|x64
		{2ED87396-6FEE-41B6-A314-30FB451FF10D}.Release|x64.Build.0 = Release|x64
		{2ED87396-6FEE-41B6-A314-30FB451FF10D}.Release|x86.ActiveCfg = Release|Win32
		{2ED87396-6FEE-41B6-A314-30FB451FF10D}.Release|x86.Build.0 = Release|Win32
		{CC70629C-7163-44CE-A5AB-0F2179042CFF}.Debug|x64.ActiveCfg = Debug|x64
		{CC70629C-7163-44CE-A5AB-0F2179042CFF}.Debug|x64.Build.0 = Debug|x64
		{CC70629C-7163-44CE-A5AB-0F2179042CFF}.Debug|x86.ActiveCfg = Debug|Win32
		{CC70629C-7163-44CE-A5AB-0F2179042CFF}.Debug|x86.Build.0 = Debug|Win32
		{CC70629C-7163-44CE-A5AB-0F2179042CFF}.Release|x64.ActiveCfg = Release|x64
		{CC70629C-7163-44CE-A5AB-0F2179042CFF}.Release|x64.Build.0 = Release|x64
		{CC70629C-7163-44CE-A5AB-0F2179042CFF}.Release|x86.ActiveCfg = Release|Win32
		{CC70629C-7163-44CE-A5AB-0F2179042CFF}.Release|x86.Build.0 = Release|Win32
		{27592869-076B-4DFE-90C2-D98A9021B6A2}.Debug|x64.ActiveCfg = Debug|x64
		{27592869-076B-4DFE-90C2-D98A9021B6A2}.Debug|x64.Build.0 = Debug|x64
		{27592869-076B-4DFE-90C2-D98A9021B6A2}.Debug|x86.ActiveCfg = Debug|Win32
		{27592869-076B-4DFE-90C2-D98A9021B6A2}.Debug|x86.Build.0 = Debug|Win32
		{27592869-076B-4DFE-90C2-D98A9021B6A2}.Release|x64.ActiveCfg = Release|x64
		{27592869-076B-4DFE-90C2-D98A9021B6A2}.Release|x64.Build.0 = Release|x64
		{27592869-076B-4DFE-90C2-D98A9021B6A2}.Release|x86.ActiveCfg = Release|Win32
		{27592869-076B-4DFE-90C2-D98A9021B6A2}.Release|x86.Build.0 = Release|Win32
		{B84B4B4B-F4A6-4644-80C0-B14559323278}.Debug|x64.ActiveCfg = Debug|x64
		{B84B4B4B-F4A6-4644-80C0-B14559323278}.Debug|x64.Build.0 = Debug|x64
		{B84B4B4B-F4A6-4644-80C0-B14559323278}.Debug|x86.ActiveCfg = Debug|Win32
		{B84B4B4B-F4A6-4644-80C0-B14559323278}.Debug|x86.Build.0 = Debug|Win32
		{B84B4B4B-F4A6-4644-80C0-B14559323278}.Release|x64.ActiveCfg = Release|x64
		{B84B4B4B-F4A6-4644-80C0-B14559323278}.Release|x64.Build.0 = Release|x64
		{B84B4B4B-F4A6-4644-80C0-B14559323278}.Release|x86.ActiveCfg = Release|Win32
		{B84B4B4B-F4A6-4644-80C0-B14559323278}.Release|x86.Build.0 = Release|Win32
		{90F866C6-2989-4C0C-8F96-55A2082AD136}.Debug|x64.ActiveCfg = Debug|x64
		{90F866C6-2989-4C0C-8F96-55A2082AD136}.Debug|x64.Build.0 = Debug|x64
		{90F866C6-2989-4C0C-8F96-55A2082AD136}.Debug|x86.ActiveCfg = Debug|Win32
		{90F866C6-2989-4C0C-8F96-55A2082AD136}.Debug|x86.Build.0 = Debug|Win32
		{90F866C6-2989-4C0C-8F96-55A2082AD136}.Release|x64.ActiveCfg = Release|x64
		{90F866C6-2989-4C0C-8F96-55A2082AD136}.Release|x64.Build.0 = Release|x64
		{90F866C6-2989-4C0C-8F96-55A2082AD136}.Release|x86.ActiveCfg = Release|Win32
		{90F866C6-2989-4C0C-8F96-55A2082AD136}.Release|x86.Build.0 = Release|Win32
		{E2DE7ADE-1B9D-482F-8E9D-1F5A1629DE7E}.Debug|x64.ActiveCfg = Debug|x64
		{E2DE7ADE-1B9D-482F-8E9D-1F5A1629DE7E}.Debug|x64.Build.0 = Debug|x64
		{E2DE7ADE-1B9D-482F-8E9D-1F5A1629DE7E}.Debug|x86.ActiveCfg = Debug|Win32
		{E2DE7ADE-1B9D-482F-8E9D-1F5A1629DE7E}.Debug|x86.Build.0 = Debug|Win32
		{E2DE7ADE-1B9D-482F-8E9D-1F5A1629DE7E}.Release|x64.ActiveCfg = Release|x64
		{E2DE7ADE-1B9D-482F-8E9D-1F5A1629DE7E}.Release|x64.Build.0 = Release|x64
		{E2DE7ADE-1B9D-482F-8E9D-1F5A1629DE7E}.Release|x86.ActiveCfg = Release|Win32
		{E2DE7ADE-1B9D-482F-8E9D-1F5A1629DE7E}.Release|x86.Build.0 = Release|Win32
		{FE6E76FA-26D4-4011-8301-EDE68862A9F5}.Debug|x64.ActiveCfg = Debug|x64
		{FE6E76FA-26D4-4011-8301-EDE68862A9F5}.Debug|x64.Build.0 = Debug|x64
		{FE6E76FA-26D4-4011-8301-EDE68862A9F5}.Debug|x86.ActiveCfg = Debug|Win32
		{FE6E76FA-26D4-4011-8301-EDE68862A9F5}.Debug|x86.Build.0 = Debug|Win32
		{FE6E76FA-26D4-4011-8301-EDE68862A9F5}.Release|x64.ActiveCfg = Release|x64
		{FE6E76FA-26D4-4011-8301-EDE68862A9F5}.Release|x64.Build.0 = Release|x64
		{FE6E76FA-26D4-4011-8301-EDE68862A9F5}.Release|x86.ActiveCfg = Release|Win32
		{FE6E76FA-26D4-4011-8301-EDE68862A9F5}.Release|x86.Build.0 = Release|Win32
		{84C28D08-0E1B-4EEA-99AA-F006AC22B08D}.Debug|x64.ActiveCfg = Debug|x64
		{84C28D08-0E1B-4EEA-99AA-F006AC22B08D}.Debug|x64.Build.0 = Debug|x64
		{84C28D08-0E1B-4EEA-99AA-F006AC22B08D}.Debug|x86.ActiveCfg = Debug|Win32
		{84C28D08-0E1B-4EEA-99AA-F006AC22B08D}.Debug|x86.Build.0 = Debug|Win32
		{84C28D08-0E1B-4EEA-99AA-F006AC22B08D}.Release|x64.ActiveCfg = Release|x64
		{84C28D08-0E1B-4EEA-99AA-F006AC22B08D}.Release|x64.Build.0 = Release|x64
		{84C28D08-0E1B-4EEA-99AA-F006AC22B08D}.Release|x86.ActiveCfg = Release|Win32
		{84C28D08-0E1B-4EEA-99AA-F006AC22B08D}.Release|x86.Build.0 = Release|Win32
		{5A241D7B-757E-4A4D-BDF6-1C911C6FE4C4}.Debug|x64.ActiveCfg = Debug|x64
		{5A241D7B-757E-4A4D-BDF6-1C911C6FE4C4}.Debug|x64.Build.0 = Debug|x64
		{5A241D7B-757E-4A4D-BDF6-1C911C6FE4C4}.Debug|x86.ActiveCfg = Debug|Win32
		{5A241D7B-757E-4A4D-BDF6-1C911C6FE4C4}.Debug|x86.Build.0 = Debug|Win32
		{5A241D7B-757E-4A4D-BDF6-1C911C6FE4C4}.Release|x64.ActiveCfg = Release|x64
		{5A241D7B-757E-4A4D-BDF6-1C911C6FE4C4}.Release|x64.Build.0 = Release|x64
		{5A241D7B-757E-4A4D-BDF6-1C911C6FE4C4}.Release|x86.ActiveCfg = Release|Win32
		{5A241D7B-757E-4A4D-BDF6-1C911C6FE4C4}.Release|x86.Build.0 = Release|Win32
		{FC5040D7-20F2-45BE-B8B1-771277A1F336}.Debug|x64.ActiveCfg = Debug|x64
		{FC5040D7-20F2-45BE-B8B1-771277A1F336}.Debug|x64.Build.0 = Debug|x64
		{FC5040D7-20F2-45BE-B8B1-771277A1F336}.Debug|x86.ActiveCfg = Debug|Win32
		{FC5040D7-20F2-45BE-B8B1-771277A1F336}.Debug|x86.Build.0 = Debug|Win32
		{FC5040D7-20F2-45BE-B8B1-771277A1F336}.Release|x64.ActiveCfg = Release|x64
		{FC5040D7-20F2-45BE-B8B1-771277A1F336}.Release|x64.Build.0 = Release|x64
		{FC5040D7-20F2-45BE-B8B1-771277A1F336}.Release|x86.ActiveCfg = Release|Win32
		{FC5040D7-20F2-45BE-B8B1-771277A1F336}.Release|x86.Build.0 = Release|Win32
		{0059CB77-2BC3-4391-90F7-F68603969765}.Debug|x64.ActiveCfg = Debug|x64
		{0059CB77-2BC3-4391-90F7-F68603969765}.Debug|x64.Build.0 = Debug|x64
		{0059CB77-2BC3-4391-90F7-F68603969765}.Debug|x86.ActiveCfg = Debug|Win32
		{0059CB77-2BC3-4391-90F7-F68603969765}.Debug|x86.Build.0 = Debug|Win32
		{0059CB77-2BC3-4391-90F7-F68603969765}.Release|x64.ActiveCfg = Release|x64
		{0059CB77-2BC3-4391-90F7-F68603969765}.Release|x64.Build.0 = Release|x64
		{0059CB77-2BC3-4391-90F7-F68603969765}.Release|x86.ActiveCfg = Release|Win32
		{0059CB77-2BC3-4391-90F7-F68603969765}.Release|x86.Build.0 = Release|Win32
	EndGlobalSection
	GlobalSection(SolutionProperties) = preSolution
		HideSolutionNode = FALSE
	EndGlobalSection
EndGlobal
